
Microsoft Visual Studio Solution File, Format Version 12.00
# Visual Studio Version 17
VisualStudioVersion = 17.0.31903.59
MinimumVisualStudioVersion = 10.0.40219.1
Project("{2150E333-8FDC-42A3-9474-1A3956D46DE8}") = "shared", "shared", "{4F52FD11-658E-A102-6CD3-7D7C16FFA15B}"
EndProject
Project("{FAE04EC0-301F-11D3-BF4B-00C04F79EFBC}") = "Hello.Common", "..\shared\dotnet\Hello.Common\Hello.Common.csproj", "{87D43D8E-CB4A-4CA6-9174-F428103DAC57}"
EndProject
Project("{FAE04EC0-301F-11D3-BF4B-00C04F79EFBC}") = "Hello.Common.Tests", "..\shared\dotnet\Hello.Common.Tests\Hello.Common.Tests.csproj", "{9878656A-3FB3-4EA4-AA46-8905E9346A33}"
EndProject
Project("{2150E333-8FDC-42A3-9474-1A3956D46DE8}") = "bff", "bff", "{019C950E-A97A-051D-A5FC-61C3B8C8F235}"
EndProject
Project("{FAE04EC0-301F-11D3-BF4B-00C04F79EFBC}") = "Hello.Bff", "..\services\bff\src\Hello.Bff\Hello.Bff.csproj", "{00D5837C-A19A-4331-B68B-97CB04EF4773}"
EndProject
Project("{FAE04EC0-301F-11D3-BF4B-00C04F79EFBC}") = "Hello.Bff.Tests", "..\services\bff\tests\Hello.Bff.Tests\Hello.Bff.Tests.csproj", "{7312D58E-85BE-4047-9B42-C8875E7A83F2}"
EndProject
Project("{2150E333-8FDC-42A3-9474-1A3956D46DE8}") = "orders-api", "orders-api", "{7824D945-5D36-50F8-8467-B195D7819128}"
EndProject
Project("{FAE04EC0-301F-11D3-BF4B-00C04F79EFBC}") = "Hello.OrdersApi", "..\services\orders-api\src\Hello.OrdersApi\Hello.OrdersApi.csproj", "{5A6C6DDC-5189-45EE-AFB6-79EF728842E8}"
EndProject
Project("{FAE04EC0-301F-11D3-BF4B-00C04F79EFBC}") = "Hello.OrdersApi.Tests", "..\services\orders-api\tests\Hello.OrdersApi.Tests\Hello.OrdersApi.Tests.csproj", "{BD76EF69-3557-4680-AB79-E1ABF83BA68B}"
EndProject
Project("{2150E333-8FDC-42A3-9474-1A3956D46DE8}") = "inventory-api", "inventory-api", "{D5871CAF-BF92-8AE3-8A91-51BF00C6D61E}"
EndProject
Project("{FAE04EC0-301F-11D3-BF4B-00C04F79EFBC}") = "Hello.InventoryApi", "..\services\inventory-api\src\Hello.InventoryApi\Hello.InventoryApi.csproj", "{E30145FE-C0CC-4324-862A-E6C4FCB5CE56}"
EndProject
Project("{FAE04EC0-301F-11D3-BF4B-00C04F79EFBC}") = "Hello.InventoryApi.Tests", "..\services\inventory-api\tests\Hello.InventoryApi.Tests\Hello.InventoryApi.Tests.csproj", "{E37943FE-05FB-4A5A-93DC-5BBCD37132AF}"
EndProject
Project("{2150E333-8FDC-42A3-9474-1A3956D46DE8}") = "durable", "durable", "{F68E63F5-0B91-1A14-0E75-ACA1230FE8ED}"
EndProject
Project("{FAE04EC0-301F-11D3-BF4B-00C04F79EFBC}") = "Hello.Durable", "..\services\durable\src\Hello.Durable\Hello.Durable.csproj", "{C3F876AC-15C0-4923-B744-0E755A9E86A0}"
EndProject
Project("{FAE04EC0-301F-11D3-BF4B-00C04F79EFBC}") = "Hello.Durable.Tests", "..\services\durable\tests\Hello.Durable.Tests\Hello.Durable.Tests.csproj", "{56AEA56A-FDEA-4C92-B08C-2DCFD6411FE8}"
EndProject
Global
	GlobalSection(SolutionConfigurationPlatforms) = preSolution
		Debug|Any CPU = Debug|Any CPU
		Debug|x64 = Debug|x64
		Debug|x86 = Debug|x86
		Release|Any CPU = Release|Any CPU
		Release|x64 = Release|x64
		Release|x86 = Release|x86
	EndGlobalSection
	GlobalSection(ProjectConfigurationPlatforms) = postSolution
		{87D43D8E-CB4A-4CA6-9174-F428103DAC57}.Debug|Any CPU.ActiveCfg = Debug|Any CPU
		{87D43D8E-CB4A-4CA6-9174-F428103DAC57}.Debug|Any CPU.Build.0 = Debug|Any CPU
		{87D43D8E-CB4A-4CA6-9174-F428103DAC57}.Debug|x64.ActiveCfg = Debug|Any CPU
		{87D43D8E-CB4A-4CA6-9174-F428103DAC57}.Debug|x64.Build.0 = Debug|Any CPU
		{87D43D8E-CB4A-4CA6-9174-F428103DAC57}.Debug|x86.ActiveCfg = Debug|Any CPU
		{87D43D8E-CB4A-4CA6-9174-F428103DAC57}.Debug|x86.Build.0 = Debug|Any CPU
		{87D43D8E-CB4A-4CA6-9174-F428103DAC57}.Release|Any CPU.ActiveCfg = Release|Any CPU
		{87D43D8E-CB4A-4CA6-9174-F428103DAC57}.Release|Any CPU.Build.0 = Release|Any CPU
		{87D43D8E-CB4A-4CA6-9174-F428103DAC57}.Release|x64.ActiveCfg = Release|Any CPU
		{87D43D8E-CB4A-4CA6-9174-F428103DAC57}.Release|x64.Build.0 = Release|Any CPU
		{87D43D8E-CB4A-4CA6-9174-F428103DAC57}.Release|x86.ActiveCfg = Release|Any CPU
		{87D43D8E-CB4A-4CA6-9174-F428103DAC57}.Release|x86.Build.0 = Release|Any CPU
		{9878656A-3FB3-4EA4-AA46-8905E9346A33}.Debug|Any CPU.ActiveCfg = Debug|Any CPU
		{9878656A-3FB3-4EA4-AA46-8905E9346A33}.Debug|Any CPU.Build.0 = Debug|Any CPU
		{9878656A-3FB3-4EA4-AA46-8905E9346A33}.Debug|x64.ActiveCfg = Debug|Any CPU
		{9878656A-3FB3-4EA4-AA46-8905E9346A33}.Debug|x64.Build.0 = Debug|Any CPU
		{9878656A-3FB3-4EA4-AA46-8905E9346A33}.Debug|x86.ActiveCfg = Debug|Any CPU
		{9878656A-3FB3-4EA4-AA46-8905E9346A33}.Debug|x86.Build.0 = Debug|Any CPU
		{9878656A-3FB3-4EA4-AA46-8905E9346A33}.Release|Any CPU.ActiveCfg = Release|Any CPU
		{9878656A-3FB3-4EA4-AA46-8905E9346A33}.Release|Any CPU.Build.0 = Release|Any CPU
		{9878656A-3FB3-4EA4-AA46-8905E9346A33}.Release|x64.ActiveCfg = Release|Any CPU
		{9878656A-3FB3-4EA4-AA46-8905E9346A33}.Release|x64.Build.0 = Release|Any CPU
		{9878656A-3FB3-4EA4-AA46-8905E9346A33}.Release|x86.ActiveCfg = Release|Any CPU
		{9878656A-3FB3-4EA4-AA46-8905E9346A33}.Release|x86.Build.0 = Release|Any CPU
		{00D5837C-A19A-4331-B68B-97CB04EF4773}.Debug|Any CPU.ActiveCfg = Debug|Any CPU
		{00D5837C-A19A-4331-B68B-97CB04EF4773}.Debug|Any CPU.Build.0 = Debug|Any CPU
		{00D5837C-A19A-4331-B68B-97CB04EF4773}.Debug|x64.ActiveCfg = Debug|Any CPU
		{00D5837C-A19A-4331-B68B-97CB04EF4773}.Debug|x64.Build.0 = Debug|Any CPU
		{00D5837C-A19A-4331-B68B-97CB04EF4773}.Debug|x86.ActiveCfg = Debug|Any CPU
		{00D5837C-A19A-4331-B68B-97CB04EF4773}.Debug|x86.Build.0 = Debug|Any CPU
		{00D5837C-A19A-4331-B68B-97CB04EF4773}.Release|Any CPU.ActiveCfg = Release|Any CPU
		{00D5837C-A19A-4331-B68B-97CB04EF4773}.Release|Any CPU.Build.0 = Release|Any CPU
		{00D5837C-A19A-4331-B68B-97CB04EF4773}.Release|x64.ActiveCfg = Release|Any CPU
		{00D5837C-A19A-4331-B68B-97CB04EF4773}.Release|x64.Build.0 = Release|Any CPU
		{00D5837C-A19A-4331-B68B-97CB04EF4773}.Release|x86.ActiveCfg = Release|Any CPU
		{00D5837C-A19A-4331-B68B-97CB04EF4773}.Release|x86.Build.0 = Release|Any CPU
		{7312D58E-85BE-4047-9B42-C8875E7A83F2}.Debug|Any CPU.ActiveCfg = Debug|Any CPU
		{7312D58E-85BE-4047-9B42-C8875E7A83F2}.Debug|Any CPU.Build.0 = Debug|Any CPU
		{7312D58E-85BE-4047-9B42-C8875E7A83F2}.Debug|x64.ActiveCfg = Debug|Any CPU
		{7312D58E-85BE-4047-9B42-C8875E7A83F2}.Debug|x64.Build.0 = Debug|Any CPU
		{7312D58E-85BE-4047-9B42-C8875E7A83F2}.Debug|x86.ActiveCfg = Debug|Any CPU
		{7312D58E-85BE-4047-9B42-C8875E7A83F2}.Debug|x86.Build.0 = Debug|Any CPU
		{7312D58E-85BE-4047-9B42-C8875E7A83F2}.Release|Any CPU.ActiveCfg = Release|Any CPU
		{7312D58E-85BE-4047-9B42-C8875E7A83F2}.Release|Any CPU.Build.0 = Release|Any CPU
		{7312D58E-85BE-4047-9B42-C8875E7A83F2}.Release|x64.ActiveCfg = Release|Any CPU
		{7312D58E-85BE-4047-9B42-C8875E7A83F2}.Release|x64.Build.0 = Release|Any CPU
		{7312D58E-85BE-4047-9B42-C8875E7A83F2}.Release|x86.ActiveCfg = Release|Any CPU
		{7312D58E-85BE-4047-9B42-C8875E7A83F2}.Release|x86.Build.0 = Release|Any CPU
		{5A6C6DDC-5189-45EE-AFB6-79EF728842E8}.Debug|Any CPU.ActiveCfg = Debug|Any CPU
		{5A6C6DDC-5189-45EE-AFB6-79EF728842E8}.Debug|Any CPU.Build.0 = Debug|Any CPU
		{5A6C6DDC-5189-45EE-AFB6-79EF728842E8}.Debug|x64.ActiveCfg = Debug|Any CPU
		{5A6C6DDC-5189-45EE-AFB6-79EF728842E8}.Debug|x64.Build.0 = Debug|Any CPU
		{5A6C6DDC-5189-45EE-AFB6-79EF728842E8}.Debug|x86.ActiveCfg = Debug|Any CPU
		{5A6C6DDC-5189-45EE-AFB6-79EF728842E8}.Debug|x86.Build.0 = Debug|Any CPU
		{5A6C6DDC-5189-45EE-AFB6-79EF728842E8}.Release|Any CPU.ActiveCfg = Release|Any CPU
		{5A6C6DDC-5189-45EE-AFB6-79EF728842E8}.Release|Any CPU.Build.0 = Release|Any CPU
		{5A6C6DDC-5189-45EE-AFB6-79EF728842E8}.Release|x64.ActiveCfg = Release|Any CPU
		{5A6C6DDC-5189-45EE-AFB6-79EF728842E8}.Release|x64.Build.0 = Release|Any CPU
		{5A6C6DDC-5189-45EE-AFB6-79EF728842E8}.Release|x86.ActiveCfg = Release|Any CPU
		{5A6C6DDC-5189-45EE-AFB6-79EF728842E8}.Release|x86.Build.0 = Release|Any CPU
		{BD76EF69-3557-4680-AB79-E1ABF83BA68B}.Debug|Any CPU.ActiveCfg = Debug|Any CPU
		{BD76EF69-3557-4680-AB79-E1ABF83BA68B}.Debug|Any CPU.Build.0 = Debug|Any CPU
		{BD76EF69-3557-4680-AB79-E1ABF83BA68B}.Debug|x64.ActiveCfg = Debug|Any CPU
		{BD76EF69-3557-4680-AB79-E1ABF83BA68B}.Debug|x64.Build.0 = Debug|Any CPU
		{BD76EF69-3557-4680-AB79-E1ABF83BA68B}.Debug|x86.ActiveCfg = Debug|Any CPU
		{BD76EF69-3557-4680-AB79-E1ABF83BA68B}.Debug|x86.Build.0 = Debug|Any CPU
		{BD76EF69-3557-4680-AB79-E1ABF83BA68B}.Release|Any CPU.ActiveCfg = Release|Any CPU
		{BD76EF69-3557-4680-AB79-E1ABF83BA68B}.Release|Any CPU.Build.0 = Release|Any CPU
		{BD76EF69-3557-4680-AB79-E1ABF83BA68B}.Release|x64.ActiveCfg = Release|Any CPU
		{BD76EF69-3557-4680-AB79-E1ABF83BA68B}.Release|x64.Build.0 = Release|Any CPU
		{BD76EF69-3557-4680-AB79-E1ABF83BA68B}.Release|x86.ActiveCfg = Release|Any CPU
		{BD76EF69-3557-4680-AB79-E1ABF83BA68B}.Release|x86.Build.0 = Release|Any CPU
		{E30145FE-C0CC-4324-862A-E6C4FCB5CE56}.Debug|Any CPU.ActiveCfg = Debug|Any CPU
		{E30145FE-C0CC-4324-862A-E6C4FCB5CE56}.Debug|Any CPU.Build.0 = Debug|Any CPU
		{E30145FE-C0CC-4324-862A-E6C4FCB5CE56}.Debug|x64.ActiveCfg = Debug|Any CPU
		{E30145FE-C0CC-4324-862A-E6C4FCB5CE56}.Debug|x64.Build.0 = Debug|Any CPU
		{E30145FE-C0CC-4324-862A-E6C4FCB5CE56}.Debug|x86.ActiveCfg = Debug|Any CPU
		{E30145FE-C0CC-4324-862A-E6C4FCB5CE56}.Debug|x86.Build.0 = Debug|Any CPU
		{E30145FE-C0CC-4324-862A-E6C4FCB5CE56}.Release|Any CPU.ActiveCfg = Release|Any CPU
		{E30145FE-C0CC-4324-862A-E6C4FCB5CE56}.Release|Any CPU.Build.0 = Release|Any CPU
		{E30145FE-C0CC-4324-862A-E6C4FCB5CE56}.Release|x64.ActiveCfg = Release|Any CPU
		{E30145FE-C0CC-4324-862A-E6C4FCB5CE56}.Release|x64.Build.0 = Release|Any CPU
		{E30145FE-C0CC-4324-862A-E6C4FCB5CE56}.Release|x86.ActiveCfg = Release|Any CPU
		{E30145FE-C0CC-4324-862A-E6C4FCB5CE56}.Release|x86.Build.0 = Release|Any CPU
		{E37943FE-05FB-4A5A-93DC-5BBCD37132AF}.Debug|Any CPU.ActiveCfg = Debug|Any CPU
		{E37943FE-05FB-4A5A-93DC-5BBCD37132AF}.Debug|Any CPU.Build.0 = Debug|Any CPU
		{E37943FE-05FB-4A5A-93DC-5BBCD37132AF}.Debug|x64.ActiveCfg = Debug|Any CPU
		{E37943FE-05FB-4A5A-93DC-5BBCD37132AF}.Debug|x64.Build.0 = Debug|Any CPU
		{E37943FE-05FB-4A5A-93DC-5BBCD37132AF}.Debug|x86.ActiveCfg = Debug|Any CPU
		{E37943FE-05FB-4A5A-93DC-5BBCD37132AF}.Debug|x86.Build.0 = Debug|Any CPU
		{E37943FE-05FB-4A5A-93DC-5BBCD37132AF}.Release|Any CPU.ActiveCfg = Release|Any CPU
		{E37943FE-05FB-4A5A-93DC-5BBCD37132AF}.Release|Any CPU.Build.0 = Release|Any CPU
		{E37943FE-05FB-4A5A-93DC-5BBCD37132AF}.Release|x64.ActiveCfg = Release|Any CPU
		{E37943FE-05FB-4A5A-93DC-5BBCD37132AF}.Release|x64.Build.0 = Release|Any CPU
		{E37943FE-05FB-4A5A-93DC-5BBCD37132AF}.Release|x86.ActiveCfg = Release|Any CPU
		{E37943FE-05FB-4A5A-93DC-5BBCD37132AF}.Release|x86.Build.0 = Release|Any CPU
		{C3F876AC-15C0-4923-B744-0E755A9E86A0}.Debug|Any CPU.ActiveCfg = Debug|Any CPU
		{C3F876AC-15C0-4923-B744-0E755A9E86A0}.Debug|Any CPU.Build.0 = Debug|Any CPU
		{C3F876AC-15C0-4923-B744-0E755A9E86A0}.Debug|x64.ActiveCfg = Debug|Any CPU
		{C3F876AC-15C0-4923-B744-0E755A9E86A0}.Debug|x64.Build.0 = Debug|Any CPU
		{C3F876AC-15C0-4923-B744-0E755A9E86A0}.Debug|x86.ActiveCfg = Debug|Any CPU
		{C3F876AC-15C0-4923-B744-0E755A9E86A0}.Debug|x86.Build.0 = Debug|Any CPU
		{C3F876AC-15C0-4923-B744-0E755A9E86A0}.Release|Any CPU.ActiveCfg = Release|Any CPU
		{C3F876AC-15C0-4923-B744-0E755A9E86A0}.Release|Any CPU.Build.0 = Release|Any CPU
		{C3F876AC-15C0-4923-B744-0E755A9E86A0}.Release|x64.ActiveCfg = Release|Any CPU
		{C3F876AC-15C0-4923-B744-0E755A9E86A0}.Release|x64.Build.0 = Release|Any CPU
		{C3F876AC-15C0-4923-B744-0E755A9E86A0}.Release|x86.ActiveCfg = Release|Any CPU
		{C3F876AC-15C0-4923-B744-0E755A9E86A0}.Release|x86.Build.0 = Release|Any CPU
		{56AEA56A-FDEA-4C92-B08C-2DCFD6411FE8}.Debug|Any CPU.ActiveCfg = Debug|Any CPU
		{56AEA56A-FDEA-4C92-B08C-2DCFD6411FE8}.Debug|Any CPU.Build.0 = Debug|Any CPU
		{56AEA56A-FDEA-4C92-B08C-2DCFD6411FE8}.Debug|x64.ActiveCfg = Debug|Any CPU
		{56AEA56A-FDEA-4C92-B08C-2DCFD6411FE8}.Debug|x64.Build.0 = Debug|Any CPU
		{56AEA56A-FDEA-4C92-B08C-2DCFD6411FE8}.Debug|x86.ActiveCfg = Debug|Any CPU
		{56AEA56A-FDEA-4C92-B08C-2DCFD6411FE8}.Debug|x86.Build.0 = Debug|Any CPU
		{56AEA56A-FDEA-4C92-B08C-2DCFD6411FE8}.Release|Any CPU.ActiveCfg = Release|Any CPU
		{56AEA56A-FDEA-4C92-B08C-2DCFD6411FE8}.Release|Any CPU.Build.0 = Release|Any CPU
		{56AEA56A-FDEA-4C92-B08C-2DCFD6411FE8}.Release|x64.ActiveCfg = Release|Any CPU
		{56AEA56A-FDEA-4C92-B08C-2DCFD6411FE8}.Release|x64.Build.0 = Release|Any CPU
		{56AEA56A-FDEA-4C92-B08C-2DCFD6411FE8}.Release|x86.ActiveCfg = Release|Any CPU
		{56AEA56A-FDEA-4C92-B08C-2DCFD6411FE8}.Release|x86.Build.0 = Release|Any CPU
	EndGlobalSection
	GlobalSection(SolutionProperties) = preSolution
		HideSolutionNode = FALSE
	EndGlobalSection
	GlobalSection(NestedProjects) = preSolution
		{87D43D8E-CB4A-4CA6-9174-F428103DAC57} = {4F52FD11-658E-A102-6CD3-7D7C16FFA15B}
		{9878656A-3FB3-4EA4-AA46-8905E9346A33} = {4F52FD11-658E-A102-6CD3-7D7C16FFA15B}
		{00D5837C-A19A-4331-B68B-97CB04EF4773} = {019C950E-A97A-051D-A5FC-61C3B8C8F235}
		{7312D58E-85BE-4047-9B42-C8875E7A83F2} = {019C950E-A97A-051D-A5FC-61C3B8C8F235}
		{5A6C6DDC-5189-45EE-AFB6-79EF728842E8} = {7824D945-5D36-50F8-8467-B195D7819128}
		{BD76EF69-3557-4680-AB79-E1ABF83BA68B} = {7824D945-5D36-50F8-8467-B195D7819128}
		{E30145FE-C0CC-4324-862A-E6C4FCB5CE56} = {D5871CAF-BF92-8AE3-8A91-51BF00C6D61E}
		{E37943FE-05FB-4A5A-93DC-5BBCD37132AF} = {D5871CAF-BF92-8AE3-8A91-51BF00C6D61E}
		{C3F876AC-15C0-4923-B744-0E755A9E86A0} = {F68E63F5-0B91-1A14-0E75-ACA1230FE8ED}
		{56AEA56A-FDEA-4C92-B08C-2DCFD6411FE8} = {F68E63F5-0B91-1A14-0E75-ACA1230FE8ED}
	EndGlobalSection
EndGlobal
